
Microsoft Visual Studio Solution File, Format Version 12.00
# Visual Studio 15
VisualStudioVersion = 15.0.26403.7
MinimumVisualStudioVersion = 10.0.40219.1
Project("{FAE04EC0-301F-11D3-BF4B-00C04F79EFBC}") = "TouchSensorTest", "TouchSensorTest\TouchSensorTest.csproj", "{9B98A473-5830-4AFF-ADB2-14A685C0624B}"
EndProject
Global
	GlobalSection(SolutionConfigurationPlatforms) = preSolution
		Debug|Any CPU = Debug|Any CPU
		Release|Any CPU = Release|Any CPU
	EndGlobalSection
	GlobalSection(ProjectConfigurationPlatforms) = postSolution
		{9B98A473-5830-4AFF-ADB2-14A685C0624B}.Debug|Any CPU.ActiveCfg = Debug|Any CPU
		{9B98A473-5830-4AFF-ADB2-14A685C0624B}.Debug|Any CPU.Build.0 = Debug|Any CPU
		{9B98A473-5830-4AFF-ADB2-14A685C0624B}.Release|Any CPU.ActiveCfg = Release|Any CPU
		{9B98A473-5830-4AFF-ADB2-14A685C0624B}.Release|Any CPU.Build.0 = Release|Any CPU
	EndGlobalSection
	GlobalSection(SolutionProperties) = preSolution
		HideSolutionNode = FALSE
	EndGlobalSection
EndGlobal
